
Microsoft Visual Studio Solution File, Format Version 12.00
# Visual Studio Version 17
VisualStudioVersion = 17.4.33213.308
MinimumVisualStudioVersion = 10.0.40219.1
Project("{FAE04EC0-301F-11D3-BF4B-00C04F79EFBC}") = "Innovoft.Text.Parsers", "Innovoft.Text.Parsers.csproj", "{22200DBD-3270-4093-ADCF-12757BE87DF0}"
EndProject
Global
	GlobalSection(SolutionConfigurationPlatforms) = preSolution
		Debug|Any CPU = Debug|Any CPU
		Release|Any CPU = Release|Any CPU
	EndGlobalSection
	GlobalSection(ProjectConfigurationPlatforms) = postSolution
		{22200DBD-3270-4093-ADCF-12757BE87DF0}.Debug|Any CPU.ActiveCfg = Debug|Any CPU
		{22200DBD-3270-4093-ADCF-12757BE87DF0}.Debug|Any CPU.Build.0 = Debug|Any CPU
		{22200DBD-3270-4093-ADCF-12757BE87DF0}.Release|Any CPU.ActiveCfg = Release|Any CPU
		{22200DBD-3270-4093-ADCF-12757BE87DF0}.Release|Any CPU.Build.0 = Release|Any CPU
	EndGlobalSection
	GlobalSection(SolutionProperties) = preSolution
		HideSolutionNode = FALSE
	EndGlobalSection
	GlobalSection(ExtensibilityGlobals) = postSolution
		SolutionGuid = {DE93DDCF-EEA0-4E4F-920E-8615CD67995B}
	EndGlobalSection
EndGlobal
